// !$*UTF8*$!
{
	archiveVersion = 1;
	classes = {
	};
	objectVersion = 56;
	objects = {

/* Begin PBXBuildFile section */
		34E714632BA98F6700CCBD5F /* RockPaperScissorsTests.swift in Sources */ = {isa = PBXBuildFile; fileRef = 34E714622BA98F6700CCBD5F /* RockPaperScissorsTests.swift */; };
		34E7146C2BA9902600CCBD5F /* Actions.swift in Sources */ = {isa = PBXBuildFile; fileRef = 34E7146B2BA9902600CCBD5F /* Actions.swift */; };
		34E7146E2BA9906900CCBD5F /* RPSGameRule.swift in Sources */ = {isa = PBXBuildFile; fileRef = 34E7146D2BA9906900CCBD5F /* RPSGameRule.swift */; };
		34E714702BA9922A00CCBD5F /* MatchResult.swift in Sources */ = {isa = PBXBuildFile; fileRef = 34E7146F2BA9922A00CCBD5F /* MatchResult.swift */; };
		34E714732BA997BE00CCBD5F /* GameScore.swift in Sources */ = {isa = PBXBuildFile; fileRef = 34E714722BA997BE00CCBD5F /* GameScore.swift */; };
		34E714752BA9D68100CCBD5F /* GameState.swift in Sources */ = {isa = PBXBuildFile; fileRef = 34E714742BA9D68100CCBD5F /* GameState.swift */; };
		34E714772BAABD0E00CCBD5F /* MJBGameRule.swift in Sources */ = {isa = PBXBuildFile; fileRef = 34E714762BAABD0E00CCBD5F /* MJBGameRule.swift */; };
		34E714792BAABD5F00CCBD5F /* GameRule.swift in Sources */ = {isa = PBXBuildFile; fileRef = 34E714782BAABD5F00CCBD5F /* GameRule.swift */; };
		34E714832BAAC87400CCBD5F /* MJBTests.swift in Sources */ = {isa = PBXBuildFile; fileRef = 34E714822BAAC87400CCBD5F /* MJBTests.swift */; };
		34E7148A2BAAD79E00CCBD5F /* GameResult.swift in Sources */ = {isa = PBXBuildFile; fileRef = 34E714892BAAD79E00CCBD5F /* GameResult.swift */; };
		C784841D2B5E48E300FBF8B4 /* AppDelegate.swift in Sources */ = {isa = PBXBuildFile; fileRef = C784841C2B5E48E300FBF8B4 /* AppDelegate.swift */; };
		C784841F2B5E48E300FBF8B4 /* SceneDelegate.swift in Sources */ = {isa = PBXBuildFile; fileRef = C784841E2B5E48E300FBF8B4 /* SceneDelegate.swift */; };
		C78484212B5E48E300FBF8B4 /* GameViewController.swift in Sources */ = {isa = PBXBuildFile; fileRef = C78484202B5E48E300FBF8B4 /* GameViewController.swift */; };
		C78484242B5E48E300FBF8B4 /* Main.storyboard in Resources */ = {isa = PBXBuildFile; fileRef = C78484222B5E48E300FBF8B4 /* Main.storyboard */; };
		C78484262B5E48E400FBF8B4 /* Assets.xcassets in Resources */ = {isa = PBXBuildFile; fileRef = C78484252B5E48E400FBF8B4 /* Assets.xcassets */; };
		C78484292B5E48E400FBF8B4 /* LaunchScreen.storyboard in Resources */ = {isa = PBXBuildFile; fileRef = C78484272B5E48E400FBF8B4 /* LaunchScreen.storyboard */; };
		C78484642B6A32E500FBF8B4 /* GameView.swift in Sources */ = {isa = PBXBuildFile; fileRef = C78484632B6A32E500FBF8B4 /* GameView.swift */; };
/* End PBXBuildFile section */

/* Begin PBXContainerItemProxy section */
		34E714642BA98F6700CCBD5F /* PBXContainerItemProxy */ = {
			isa = PBXContainerItemProxy;
			containerPortal = C78484112B5E48E300FBF8B4 /* Project object */;
			proxyType = 1;
			remoteGlobalIDString = C78484182B5E48E300FBF8B4;
			remoteInfo = RockPaperScissors;
		};
		34E714842BAAC87400CCBD5F /* PBXContainerItemProxy */ = {
			isa = PBXContainerItemProxy;
			containerPortal = C78484112B5E48E300FBF8B4 /* Project object */;
			proxyType = 1;
			remoteGlobalIDString = C78484182B5E48E300FBF8B4;
			remoteInfo = RockPaperScissors;
		};
/* End PBXContainerItemProxy section */

/* Begin PBXFileReference section */
		34E714602BA98F6700CCBD5F /* RockPaperScissorsTests.xctest */ = {isa = PBXFileReference; explicitFileType = wrapper.cfbundle; includeInIndex = 0; path = RockPaperScissorsTests.xctest; sourceTree = BUILT_PRODUCTS_DIR; };
		34E714622BA98F6700CCBD5F /* RockPaperScissorsTests.swift */ = {isa = PBXFileReference; lastKnownFileType = sourcecode.swift; path = RockPaperScissorsTests.swift; sourceTree = "<group>"; };
		34E7146B2BA9902600CCBD5F /* Actions.swift */ = {isa = PBXFileReference; lastKnownFileType = sourcecode.swift; path = Actions.swift; sourceTree = "<group>"; };
		34E7146D2BA9906900CCBD5F /* RPSGameRule.swift */ = {isa = PBXFileReference; lastKnownFileType = sourcecode.swift; path = RPSGameRule.swift; sourceTree = "<group>"; };
		34E7146F2BA9922A00CCBD5F /* MatchResult.swift */ = {isa = PBXFileReference; lastKnownFileType = sourcecode.swift; path = MatchResult.swift; sourceTree = "<group>"; };
		34E714722BA997BE00CCBD5F /* GameScore.swift */ = {isa = PBXFileReference; lastKnownFileType = sourcecode.swift; path = GameScore.swift; sourceTree = "<group>"; };
		34E714742BA9D68100CCBD5F /* GameState.swift */ = {isa = PBXFileReference; lastKnownFileType = sourcecode.swift; path = GameState.swift; sourceTree = "<group>"; };
		34E714762BAABD0E00CCBD5F /* MJBGameRule.swift */ = {isa = PBXFileReference; lastKnownFileType = sourcecode.swift; path = MJBGameRule.swift; sourceTree = "<group>"; };
		34E714782BAABD5F00CCBD5F /* GameRule.swift */ = {isa = PBXFileReference; lastKnownFileType = sourcecode.swift; path = GameRule.swift; sourceTree = "<group>"; };
		34E714802BAAC87400CCBD5F /* MJBTests.xctest */ = {isa = PBXFileReference; explicitFileType = wrapper.cfbundle; includeInIndex = 0; path = MJBTests.xctest; sourceTree = BUILT_PRODUCTS_DIR; };
		34E714822BAAC87400CCBD5F /* MJBTests.swift */ = {isa = PBXFileReference; lastKnownFileType = sourcecode.swift; path = MJBTests.swift; sourceTree = "<group>"; };
		34E714892BAAD79E00CCBD5F /* GameResult.swift */ = {isa = PBXFileReference; lastKnownFileType = sourcecode.swift; path = GameResult.swift; sourceTree = "<group>"; };
		C78484192B5E48E300FBF8B4 /* RockPaperScissors.app */ = {isa = PBXFileReference; explicitFileType = wrapper.application; includeInIndex = 0; path = RockPaperScissors.app; sourceTree = BUILT_PRODUCTS_DIR; };
		C784841C2B5E48E300FBF8B4 /* AppDelegate.swift */ = {isa = PBXFileReference; lastKnownFileType = sourcecode.swift; path = AppDelegate.swift; sourceTree = "<group>"; };
		C784841E2B5E48E300FBF8B4 /* SceneDelegate.swift */ = {isa = PBXFileReference; lastKnownFileType = sourcecode.swift; path = SceneDelegate.swift; sourceTree = "<group>"; };
		C78484202B5E48E300FBF8B4 /* GameViewController.swift */ = {isa = PBXFileReference; lastKnownFileType = sourcecode.swift; path = GameViewController.swift; sourceTree = "<group>"; };
		C78484232B5E48E300FBF8B4 /* Base */ = {isa = PBXFileReference; lastKnownFileType = file.storyboard; name = Base; path = Base.lproj/Main.storyboard; sourceTree = "<group>"; };
		C78484252B5E48E400FBF8B4 /* Assets.xcassets */ = {isa = PBXFileReference; lastKnownFileType = folder.assetcatalog; path = Assets.xcassets; sourceTree = "<group>"; };
		C78484282B5E48E400FBF8B4 /* Base */ = {isa = PBXFileReference; lastKnownFileType = file.storyboard; name = Base; path = Base.lproj/LaunchScreen.storyboard; sourceTree = "<group>"; };
		C784842A2B5E48E400FBF8B4 /* Info.plist */ = {isa = PBXFileReference; lastKnownFileType = text.plist.xml; path = Info.plist; sourceTree = "<group>"; };
		C78484632B6A32E500FBF8B4 /* GameView.swift */ = {isa = PBXFileReference; lastKnownFileType = sourcecode.swift; path = GameView.swift; sourceTree = "<group>"; };
/* End PBXFileReference section */

/* Begin PBXFrameworksBuildPhase section */
		34E7145D2BA98F6700CCBD5F /* Frameworks */ = {
			isa = PBXFrameworksBuildPhase;
			buildActionMask = 2147483647;
			files = (
			);
			runOnlyForDeploymentPostprocessing = 0;
		};
		34E7147D2BAAC87400CCBD5F /* Frameworks */ = {
			isa = PBXFrameworksBuildPhase;
			buildActionMask = 2147483647;
			files = (
			);
			runOnlyForDeploymentPostprocessing = 0;
		};
		C78484162B5E48E300FBF8B4 /* Frameworks */ = {
			isa = PBXFrameworksBuildPhase;
			buildActionMask = 2147483647;
			files = (
			);
			runOnlyForDeploymentPostprocessing = 0;
		};
/* End PBXFrameworksBuildPhase section */

/* Begin PBXGroup section */
		34E714612BA98F6700CCBD5F /* RockPaperScissorsTests */ = {
			isa = PBXGroup;
			children = (
				34E714622BA98F6700CCBD5F /* RockPaperScissorsTests.swift */,
			);
			path = RockPaperScissorsTests;
			sourceTree = "<group>";
		};
		34E714692BA98F9000CCBD5F /* GameView */ = {
			isa = PBXGroup;
			children = (
				C78484202B5E48E300FBF8B4 /* GameViewController.swift */,
				C78484632B6A32E500FBF8B4 /* GameView.swift */,
			);
			path = GameView;
			sourceTree = "<group>";
		};
		34E7146A2BA9900F00CCBD5F /* GameRules */ = {
			isa = PBXGroup;
			children = (
				34E7146D2BA9906900CCBD5F /* RPSGameRule.swift */,
				34E714762BAABD0E00CCBD5F /* MJBGameRule.swift */,
				34E714782BAABD5F00CCBD5F /* GameRule.swift */,
			);
			path = GameRules;
			sourceTree = "<group>";
		};
		34E714712BA9978F00CCBD5F /* Model */ = {
			isa = PBXGroup;
			children = (
				34E7146B2BA9902600CCBD5F /* Actions.swift */,
				34E7146F2BA9922A00CCBD5F /* MatchResult.swift */,
				34E714892BAAD79E00CCBD5F /* GameResult.swift */,
				34E714722BA997BE00CCBD5F /* GameScore.swift */,
				34E714742BA9D68100CCBD5F /* GameState.swift */,
			);
			path = Model;
			sourceTree = "<group>";
		};
		34E714812BAAC87400CCBD5F /* MJBTests */ = {
			isa = PBXGroup;
			children = (
				34E714822BAAC87400CCBD5F /* MJBTests.swift */,
			);
			path = MJBTests;
			sourceTree = "<group>";
		};
		C78484102B5E48E300FBF8B4 = {
			isa = PBXGroup;
			children = (
				C784841B2B5E48E300FBF8B4 /* RockPaperScissors */,
				34E714612BA98F6700CCBD5F /* RockPaperScissorsTests */,
				34E714812BAAC87400CCBD5F /* MJBTests */,
				C784841A2B5E48E300FBF8B4 /* Products */,
			);
			sourceTree = "<group>";
		};
		C784841A2B5E48E300FBF8B4 /* Products */ = {
			isa = PBXGroup;
			children = (
				C78484192B5E48E300FBF8B4 /* RockPaperScissors.app */,
				34E714602BA98F6700CCBD5F /* RockPaperScissorsTests.xctest */,
				34E714802BAAC87400CCBD5F /* MJBTests.xctest */,
			);
			name = Products;
			sourceTree = "<group>";
		};
		C784841B2B5E48E300FBF8B4 /* RockPaperScissors */ = {
			isa = PBXGroup;
			children = (
				34E714712BA9978F00CCBD5F /* Model */,
				34E7146A2BA9900F00CCBD5F /* GameRules */,
				34E714692BA98F9000CCBD5F /* GameView */,
				C784841C2B5E48E300FBF8B4 /* AppDelegate.swift */,
				C784841E2B5E48E300FBF8B4 /* SceneDelegate.swift */,
				C78484222B5E48E300FBF8B4 /* Main.storyboard */,
				C78484252B5E48E400FBF8B4 /* Assets.xcassets */,
				C78484272B5E48E400FBF8B4 /* LaunchScreen.storyboard */,
				C784842A2B5E48E400FBF8B4 /* Info.plist */,
			);
			path = RockPaperScissors;
			sourceTree = "<group>";
		};
/* End PBXGroup section */

/* Begin PBXNativeTarget section */
		34E7145F2BA98F6700CCBD5F /* RockPaperScissorsTests */ = {
			isa = PBXNativeTarget;
			buildConfigurationList = 34E714682BA98F6700CCBD5F /* Build configuration list for PBXNativeTarget "RockPaperScissorsTests" */;
			buildPhases = (
				34E7145C2BA98F6700CCBD5F /* Sources */,
				34E7145D2BA98F6700CCBD5F /* Frameworks */,
				34E7145E2BA98F6700CCBD5F /* Resources */,
			);
			buildRules = (
			);
			dependencies = (
				34E714652BA98F6700CCBD5F /* PBXTargetDependency */,
			);
			name = RockPaperScissorsTests;
			productName = UpDownGameUITests;
			productReference = 34E714602BA98F6700CCBD5F /* RockPaperScissorsTests.xctest */;
			productType = "com.apple.product-type.bundle.unit-test";
		};
		34E7147F2BAAC87400CCBD5F /* MJBTests */ = {
			isa = PBXNativeTarget;
			buildConfigurationList = 34E714862BAAC87400CCBD5F /* Build configuration list for PBXNativeTarget "MJBTests" */;
			buildPhases = (
				34E7147C2BAAC87400CCBD5F /* Sources */,
				34E7147D2BAAC87400CCBD5F /* Frameworks */,
				34E7147E2BAAC87400CCBD5F /* Resources */,
			);
			buildRules = (
			);
			dependencies = (
				34E714852BAAC87400CCBD5F /* PBXTargetDependency */,
			);
			name = MJBTests;
			productName = MJBTests;
			productReference = 34E714802BAAC87400CCBD5F /* MJBTests.xctest */;
			productType = "com.apple.product-type.bundle.unit-test";
		};
		C78484182B5E48E300FBF8B4 /* RockPaperScissors */ = {
			isa = PBXNativeTarget;
			buildConfigurationList = C784842D2B5E48E400FBF8B4 /* Build configuration list for PBXNativeTarget "RockPaperScissors" */;
			buildPhases = (
				C78484152B5E48E300FBF8B4 /* Sources */,
				C78484162B5E48E300FBF8B4 /* Frameworks */,
				C78484172B5E48E300FBF8B4 /* Resources */,
			);
			buildRules = (
			);
			dependencies = (
			);
			name = RockPaperScissors;
			productName = RockPaperScissors;
			productReference = C78484192B5E48E300FBF8B4 /* RockPaperScissors.app */;
			productType = "com.apple.product-type.application";
		};
/* End PBXNativeTarget section */

/* Begin PBXProject section */
		C78484112B5E48E300FBF8B4 /* Project object */ = {
			isa = PBXProject;
			attributes = {
				BuildIndependentTargetsInParallel = 1;
				LastSwiftUpdateCheck = 1530;
				LastUpgradeCheck = 1500;
				TargetAttributes = {
					34E7145F2BA98F6700CCBD5F = {
						CreatedOnToolsVersion = 15.3;
						TestTargetID = C78484182B5E48E300FBF8B4;
					};
					34E7147F2BAAC87400CCBD5F = {
						CreatedOnToolsVersion = 15.3;
						TestTargetID = C78484182B5E48E300FBF8B4;
					};
					C78484182B5E48E300FBF8B4 = {
						CreatedOnToolsVersion = 15.0.1;
					};
				};
			};
			buildConfigurationList = C78484142B5E48E300FBF8B4 /* Build configuration list for PBXProject "RockPaperScissors" */;
			compatibilityVersion = "Xcode 14.0";
			developmentRegion = en;
			hasScannedForEncodings = 0;
			knownRegions = (
				en,
				Base,
			);
			mainGroup = C78484102B5E48E300FBF8B4;
			productRefGroup = C784841A2B5E48E300FBF8B4 /* Products */;
			projectDirPath = "";
			projectRoot = "";
			targets = (
				C78484182B5E48E300FBF8B4 /* RockPaperScissors */,
				34E7145F2BA98F6700CCBD5F /* RockPaperScissorsTests */,
				34E7147F2BAAC87400CCBD5F /* MJBTests */,
			);
		};
/* End PBXProject section */

/* Begin PBXResourcesBuildPhase section */
		34E7145E2BA98F6700CCBD5F /* Resources */ = {
			isa = PBXResourcesBuildPhase;
			buildActionMask = 2147483647;
			files = (
			);
			runOnlyForDeploymentPostprocessing = 0;
		};
		34E7147E2BAAC87400CCBD5F /* Resources */ = {
			isa = PBXResourcesBuildPhase;
			buildActionMask = 2147483647;
			files = (
			);
			runOnlyForDeploymentPostprocessing = 0;
		};
		C78484172B5E48E300FBF8B4 /* Resources */ = {
			isa = PBXResourcesBuildPhase;
			buildActionMask = 2147483647;
			files = (
				C78484292B5E48E400FBF8B4 /* LaunchScreen.storyboard in Resources */,
				C78484262B5E48E400FBF8B4 /* Assets.xcassets in Resources */,
				C78484242B5E48E300FBF8B4 /* Main.storyboard in Resources */,
			);
			runOnlyForDeploymentPostprocessing = 0;
		};
/* End PBXResourcesBuildPhase section */

/* Begin PBXSourcesBuildPhase section */
		34E7145C2BA98F6700CCBD5F /* Sources */ = {
			isa = PBXSourcesBuildPhase;
			buildActionMask = 2147483647;
			files = (
				34E714632BA98F6700CCBD5F /* RockPaperScissorsTests.swift in Sources */,
			);
			runOnlyForDeploymentPostprocessing = 0;
		};
		34E7147C2BAAC87400CCBD5F /* Sources */ = {
			isa = PBXSourcesBuildPhase;
			buildActionMask = 2147483647;
			files = (
				34E714832BAAC87400CCBD5F /* MJBTests.swift in Sources */,
			);
			runOnlyForDeploymentPostprocessing = 0;
		};
		C78484152B5E48E300FBF8B4 /* Sources */ = {
			isa = PBXSourcesBuildPhase;
			buildActionMask = 2147483647;
			files = (
				34E714732BA997BE00CCBD5F /* GameScore.swift in Sources */,
				34E7146C2BA9902600CCBD5F /* Actions.swift in Sources */,
				34E7146E2BA9906900CCBD5F /* RPSGameRule.swift in Sources */,
				34E714772BAABD0E00CCBD5F /* MJBGameRule.swift in Sources */,
				C78484212B5E48E300FBF8B4 /* GameViewController.swift in Sources */,
				C784841D2B5E48E300FBF8B4 /* AppDelegate.swift in Sources */,
				34E714702BA9922A00CCBD5F /* MatchResult.swift in Sources */,
				34E714752BA9D68100CCBD5F /* GameState.swift in Sources */,
				34E7148A2BAAD79E00CCBD5F /* GameResult.swift in Sources */,
				C78484642B6A32E500FBF8B4 /* GameView.swift in Sources */,
				C784841F2B5E48E300FBF8B4 /* SceneDelegate.swift in Sources */,
				34E714792BAABD5F00CCBD5F /* GameRule.swift in Sources */,
			);
			runOnlyForDeploymentPostprocessing = 0;
		};
/* End PBXSourcesBuildPhase section */

/* Begin PBXTargetDependency section */
		34E714652BA98F6700CCBD5F /* PBXTargetDependency */ = {
			isa = PBXTargetDependency;
			target = C78484182B5E48E300FBF8B4 /* RockPaperScissors */;
			targetProxy = 34E714642BA98F6700CCBD5F /* PBXContainerItemProxy */;
		};
		34E714852BAAC87400CCBD5F /* PBXTargetDependency */ = {
			isa = PBXTargetDependency;
			target = C78484182B5E48E300FBF8B4 /* RockPaperScissors */;
			targetProxy = 34E714842BAAC87400CCBD5F /* PBXContainerItemProxy */;
		};
/* End PBXTargetDependency section */

/* Begin PBXVariantGroup section */
		C78484222B5E48E300FBF8B4 /* Main.storyboard */ = {
			isa = PBXVariantGroup;
			children = (
				C78484232B5E48E300FBF8B4 /* Base */,
			);
			name = Main.storyboard;
			sourceTree = "<group>";
		};
		C78484272B5E48E400FBF8B4 /* LaunchScreen.storyboard */ = {
			isa = PBXVariantGroup;
			children = (
				C78484282B5E48E400FBF8B4 /* Base */,
			);
			name = LaunchScreen.storyboard;
			sourceTree = "<group>";
		};
/* End PBXVariantGroup section */

/* Begin XCBuildConfiguration section */
		34E714662BA98F6700CCBD5F /* Debug */ = {
			isa = XCBuildConfiguration;
			buildSettings = {
				BUNDLE_LOADER = "$(TEST_HOST)";
				CODE_SIGN_STYLE = Automatic;
				CURRENT_PROJECT_VERSION = 1;
				DEVELOPMENT_TEAM = JPL38XBHJ4;
				GENERATE_INFOPLIST_FILE = YES;
				IPHONEOS_DEPLOYMENT_TARGET = 17.0;
				MARKETING_VERSION = 1.0;
				PRODUCT_BUNDLE_IDENTIFIER = com.led.UpDownGameUITests;
				PRODUCT_NAME = "$(TARGET_NAME)";
				SWIFT_EMIT_LOC_STRINGS = NO;
				SWIFT_VERSION = 5.0;
				TARGETED_DEVICE_FAMILY = "1,2";
				TEST_HOST = "$(BUILT_PRODUCTS_DIR)/RockPaperScissors.app/$(BUNDLE_EXECUTABLE_FOLDER_PATH)/RockPaperScissors";
			};
			name = Debug;
		};
		34E714672BA98F6700CCBD5F /* Release */ = {
			isa = XCBuildConfiguration;
			buildSettings = {
				BUNDLE_LOADER = "$(TEST_HOST)";
				CODE_SIGN_STYLE = Automatic;
				CURRENT_PROJECT_VERSION = 1;
				DEVELOPMENT_TEAM = JPL38XBHJ4;
				GENERATE_INFOPLIST_FILE = YES;
				IPHONEOS_DEPLOYMENT_TARGET = 17.0;
				MARKETING_VERSION = 1.0;
				PRODUCT_BUNDLE_IDENTIFIER = com.led.UpDownGameUITests;
				PRODUCT_NAME = "$(TARGET_NAME)";
				SWIFT_EMIT_LOC_STRINGS = NO;
				SWIFT_VERSION = 5.0;
				TARGETED_DEVICE_FAMILY = "1,2";
				TEST_HOST = "$(BUILT_PRODUCTS_DIR)/RockPaperScissors.app/$(BUNDLE_EXECUTABLE_FOLDER_PATH)/RockPaperScissors";
			};
			name = Release;
		};
		34E714872BAAC87400CCBD5F /* Debug */ = {
			isa = XCBuildConfiguration;
			buildSettings = {
				BUNDLE_LOADER = "$(TEST_HOST)";
				CODE_SIGN_STYLE = Automatic;
				CURRENT_PROJECT_VERSION = 1;
				DEVELOPMENT_TEAM = JPL38XBHJ4;
				GENERATE_INFOPLIST_FILE = YES;
				IPHONEOS_DEPLOYMENT_TARGET = 17.4;
				MARKETING_VERSION = 1.0;
				PRODUCT_BUNDLE_IDENTIFIER = com.led.MJBTests;
				PRODUCT_NAME = "$(TARGET_NAME)";
				SWIFT_EMIT_LOC_STRINGS = NO;
				SWIFT_VERSION = 5.0;
				TARGETED_DEVICE_FAMILY = "1,2";
				TEST_HOST = "$(BUILT_PRODUCTS_DIR)/RockPaperScissors.app/$(BUNDLE_EXECUTABLE_FOLDER_PATH)/RockPaperScissors";
			};
			name = Debug;
		};
		34E714882BAAC87400CCBD5F /* Release */ = {
			isa = XCBuildConfiguration;
			buildSettings = {
				BUNDLE_LOADER = "$(TEST_HOST)";
				CODE_SIGN_STYLE = Automatic;
				CURRENT_PROJECT_VERSION = 1;
				DEVELOPMENT_TEAM = JPL38XBHJ4;
				GENERATE_INFOPLIST_FILE = YES;
				IPHONEOS_DEPLOYMENT_TARGET = 17.4;
				MARKETING_VERSION = 1.0;
				PRODUCT_BUNDLE_IDENTIFIER = com.led.MJBTests;
				PRODUCT_NAME = "$(TARGET_NAME)";
				SWIFT_EMIT_LOC_STRINGS = NO;
				SWIFT_VERSION = 5.0;
				TARGETED_DEVICE_FAMILY = "1,2";
				TEST_HOST = "$(BUILT_PRODUCTS_DIR)/RockPaperScissors.app/$(BUNDLE_EXECUTABLE_FOLDER_PATH)/RockPaperScissors";
			};
			name = Release;
		};
		C784842B2B5E48E400FBF8B4 /* Debug */ = {
			isa = XCBuildConfiguration;
			buildSettings = {
				ALWAYS_SEARCH_USER_PATHS = NO;
				ASSETCATALOG_COMPILER_GENERATE_SWIFT_ASSET_SYMBOL_EXTENSIONS = YES;
				CLANG_ANALYZER_NONNULL = YES;
				CLANG_ANALYZER_NUMBER_OBJECT_CONVERSION = YES_AGGRESSIVE;
				CLANG_CXX_LANGUAGE_STANDARD = "gnu++20";
				CLANG_ENABLE_MODULES = YES;
				CLANG_ENABLE_OBJC_ARC = YES;
				CLANG_ENABLE_OBJC_WEAK = YES;
				CLANG_WARN_BLOCK_CAPTURE_AUTORELEASING = YES;
				CLANG_WARN_BOOL_CONVERSION = YES;
				CLANG_WARN_COMMA = YES;
				CLANG_WARN_CONSTANT_CONVERSION = YES;
				CLANG_WARN_DEPRECATED_OBJC_IMPLEMENTATIONS = YES;
				CLANG_WARN_DIRECT_OBJC_ISA_USAGE = YES_ERROR;
				CLANG_WARN_DOCUMENTATION_COMMENTS = YES;
				CLANG_WARN_EMPTY_BODY = YES;
				CLANG_WARN_ENUM_CONVERSION = YES;
				CLANG_WARN_INFINITE_RECURSION = YES;
				CLANG_WARN_INT_CONVERSION = YES;
				CLANG_WARN_NON_LITERAL_NULL_CONVERSION = YES;
				CLANG_WARN_OBJC_IMPLICIT_RETAIN_SELF = YES;
				CLANG_WARN_OBJC_LITERAL_CONVERSION = YES;
				CLANG_WARN_OBJC_ROOT_CLASS = YES_ERROR;
				CLANG_WARN_QUOTED_INCLUDE_IN_FRAMEWORK_HEADER = YES;
				CLANG_WARN_RANGE_LOOP_ANALYSIS = YES;
				CLANG_WARN_STRICT_PROTOTYPES = YES;
				CLANG_WARN_SUSPICIOUS_MOVE = YES;
				CLANG_WARN_UNGUARDED_AVAILABILITY = YES_AGGRESSIVE;
				CLANG_WARN_UNREACHABLE_CODE = YES;
				CLANG_WARN__DUPLICATE_METHOD_MATCH = YES;
				COPY_PHASE_STRIP = NO;
				DEBUG_INFORMATION_FORMAT = dwarf;
				ENABLE_STRICT_OBJC_MSGSEND = YES;
				ENABLE_TESTABILITY = YES;
				ENABLE_USER_SCRIPT_SANDBOXING = YES;
				GCC_C_LANGUAGE_STANDARD = gnu17;
				GCC_DYNAMIC_NO_PIC = NO;
				GCC_NO_COMMON_BLOCKS = YES;
				GCC_OPTIMIZATION_LEVEL = 0;
				GCC_PREPROCESSOR_DEFINITIONS = (
					"DEBUG=1",
					"$(inherited)",
				);
				GCC_WARN_64_TO_32_BIT_CONVERSION = YES;
				GCC_WARN_ABOUT_RETURN_TYPE = YES_ERROR;
				GCC_WARN_UNDECLARED_SELECTOR = YES;
				GCC_WARN_UNINITIALIZED_AUTOS = YES_AGGRESSIVE;
				GCC_WARN_UNUSED_FUNCTION = YES;
				GCC_WARN_UNUSED_VARIABLE = YES;
				IPHONEOS_DEPLOYMENT_TARGET = 16.0;
				LOCALIZATION_PREFERS_STRING_CATALOGS = YES;
				MTL_ENABLE_DEBUG_INFO = INCLUDE_SOURCE;
				MTL_FAST_MATH = YES;
				ONLY_ACTIVE_ARCH = YES;
				SDKROOT = iphoneos;
				SWIFT_ACTIVE_COMPILATION_CONDITIONS = "DEBUG $(inherited)";
				SWIFT_OPTIMIZATION_LEVEL = "-Onone";
			};
			name = Debug;
		};
		C784842C2B5E48E400FBF8B4 /* Release */ = {
			isa = XCBuildConfiguration;
			buildSettings = {
				ALWAYS_SEARCH_USER_PATHS = NO;
				ASSETCATALOG_COMPILER_GENERATE_SWIFT_ASSET_SYMBOL_EXTENSIONS = YES;
				CLANG_ANALYZER_NONNULL = YES;
				CLANG_ANALYZER_NUMBER_OBJECT_CONVERSION = YES_AGGRESSIVE;
				CLANG_CXX_LANGUAGE_STANDARD = "gnu++20";
				CLANG_ENABLE_MODULES = YES;
				CLANG_ENABLE_OBJC_ARC = YES;
				CLANG_ENABLE_OBJC_WEAK = YES;
				CLANG_WARN_BLOCK_CAPTURE_AUTORELEASING = YES;
				CLANG_WARN_BOOL_CONVERSION = YES;
				CLANG_WARN_COMMA = YES;
				CLANG_WARN_CONSTANT_CONVERSION = YES;
				CLANG_WARN_DEPRECATED_OBJC_IMPLEMENTATIONS = YES;
				CLANG_WARN_DIRECT_OBJC_ISA_USAGE = YES_ERROR;
				CLANG_WARN_DOCUMENTATION_COMMENTS = YES;
				CLANG_WARN_EMPTY_BODY = YES;
				CLANG_WARN_ENUM_CONVERSION = YES;
				CLANG_WARN_INFINITE_RECURSION = YES;
				CLANG_WARN_INT_CONVERSION = YES;
				CLANG_WARN_NON_LITERAL_NULL_CONVERSION = YES;
				CLANG_WARN_OBJC_IMPLICIT_RETAIN_SELF = YES;
				CLANG_WARN_OBJC_LITERAL_CONVERSION = YES;
				CLANG_WARN_OBJC_ROOT_CLASS = YES_ERROR;
				CLANG_WARN_QUOTED_INCLUDE_IN_FRAMEWORK_HEADER = YES;
				CLANG_WARN_RANGE_LOOP_ANALYSIS = YES;
				CLANG_WARN_STRICT_PROTOTYPES = YES;
				CLANG_WARN_SUSPICIOUS_MOVE = YES;
				CLANG_WARN_UNGUARDED_AVAILABILITY = YES_AGGRESSIVE;
				CLANG_WARN_UNREACHABLE_CODE = YES;
				CLANG_WARN__DUPLICATE_METHOD_MATCH = YES;
				COPY_PHASE_STRIP = NO;
				DEBUG_INFORMATION_FORMAT = "dwarf-with-dsym";
				ENABLE_NS_ASSERTIONS = NO;
				ENABLE_STRICT_OBJC_MSGSEND = YES;
				ENABLE_USER_SCRIPT_SANDBOXING = YES;
				GCC_C_LANGUAGE_STANDARD = gnu17;
				GCC_NO_COMMON_BLOCKS = YES;
				GCC_WARN_64_TO_32_BIT_CONVERSION = YES;
				GCC_WARN_ABOUT_RETURN_TYPE = YES_ERROR;
				GCC_WARN_UNDECLARED_SELECTOR = YES;
				GCC_WARN_UNINITIALIZED_AUTOS = YES_AGGRESSIVE;
				GCC_WARN_UNUSED_FUNCTION = YES;
				GCC_WARN_UNUSED_VARIABLE = YES;
				IPHONEOS_DEPLOYMENT_TARGET = 16.0;
				LOCALIZATION_PREFERS_STRING_CATALOGS = YES;
				MTL_ENABLE_DEBUG_INFO = NO;
				MTL_FAST_MATH = YES;
				SDKROOT = iphoneos;
				SWIFT_COMPILATION_MODE = wholemodule;
				VALIDATE_PRODUCT = YES;
			};
			name = Release;
		};
		C784842E2B5E48E400FBF8B4 /* Debug */ = {
			isa = XCBuildConfiguration;
			buildSettings = {
				ASSETCATALOG_COMPILER_APPICON_NAME = AppIcon;
				ASSETCATALOG_COMPILER_GLOBAL_ACCENT_COLOR_NAME = AccentColor;
				CODE_SIGN_STYLE = Automatic;
				CURRENT_PROJECT_VERSION = 1;
				GENERATE_INFOPLIST_FILE = YES;
				INFOPLIST_FILE = RockPaperScissors/Info.plist;
				INFOPLIST_KEY_UIApplicationSupportsIndirectInputEvents = YES;
				INFOPLIST_KEY_UILaunchStoryboardName = LaunchScreen;
				INFOPLIST_KEY_UIMainStoryboardFile = Main;
				INFOPLIST_KEY_UISupportedInterfaceOrientations = "UIInterfaceOrientationLandscapeLeft UIInterfaceOrientationLandscapeRight";
				LD_RUNPATH_SEARCH_PATHS = (
					"$(inherited)",
					"@executable_path/Frameworks",
				);
				MARKETING_VERSION = 1.0;
				PRODUCT_BUNDLE_IDENTIFIER = "kr.yagom-academy.RockPaperScissors";
				PRODUCT_NAME = "$(TARGET_NAME)";
				SWIFT_EMIT_LOC_STRINGS = YES;
				SWIFT_VERSION = 5.0;
				TARGETED_DEVICE_FAMILY = "1,2";
			};
			name = Debug;
		};
		C784842F2B5E48E400FBF8B4 /* Release */ = {
			isa = XCBuildConfiguration;
			buildSettings = {
				ASSETCATALOG_COMPILER_APPICON_NAME = AppIcon;
				ASSETCATALOG_COMPILER_GLOBAL_ACCENT_COLOR_NAME = AccentColor;
				CODE_SIGN_STYLE = Automatic;
				CURRENT_PROJECT_VERSION = 1;
				GENERATE_INFOPLIST_FILE = YES;
				INFOPLIST_FILE = RockPaperScissors/Info.plist;
				INFOPLIST_KEY_UIApplicationSupportsIndirectInputEvents = YES;
				INFOPLIST_KEY_UILaunchStoryboardName = LaunchScreen;
				INFOPLIST_KEY_UIMainStoryboardFile = Main;
				INFOPLIST_KEY_UISupportedInterfaceOrientations = "UIInterfaceOrientationLandscapeLeft UIInterfaceOrientationLandscapeRight";
				LD_RUNPATH_SEARCH_PATHS = (
					"$(inherited)",
					"@executable_path/Frameworks",
				);
				MARKETING_VERSION = 1.0;
				PRODUCT_BUNDLE_IDENTIFIER = "kr.yagom-academy.RockPaperScissors";
				PRODUCT_NAME = "$(TARGET_NAME)";
				SWIFT_EMIT_LOC_STRINGS = YES;
				SWIFT_VERSION = 5.0;
				TARGETED_DEVICE_FAMILY = "1,2";
			};
			name = Release;
		};
/* End XCBuildConfiguration section */

/* Begin XCConfigurationList section */
		34E714682BA98F6700CCBD5F /* Build configuration list for PBXNativeTarget "RockPaperScissorsTests" */ = {
			isa = XCConfigurationList;
			buildConfigurations = (
				34E714662BA98F6700CCBD5F /* Debug */,
				34E714672BA98F6700CCBD5F /* Release */,
			);
			defaultConfigurationIsVisible = 0;
			defaultConfigurationName = Release;
		};
		34E714862BAAC87400CCBD5F /* Build configuration list for PBXNativeTarget "MJBTests" */ = {
			isa = XCConfigurationList;
			buildConfigurations = (
				34E714872BAAC87400CCBD5F /* Debug */,
				34E714882BAAC87400CCBD5F /* Release */,
			);
			defaultConfigurationIsVisible = 0;
			defaultConfigurationName = Release;
		};
		C78484142B5E48E300FBF8B4 /* Build configuration list for PBXProject "RockPaperScissors" */ = {
			isa = XCConfigurationList;
			buildConfigurations = (
				C784842B2B5E48E400FBF8B4 /* Debug */,
				C784842C2B5E48E400FBF8B4 /* Release */,
			);
			defaultConfigurationIsVisible = 0;
			defaultConfigurationName = Release;
		};
		C784842D2B5E48E400FBF8B4 /* Build configuration list for PBXNativeTarget "RockPaperScissors" */ = {
			isa = XCConfigurationList;
			buildConfigurations = (
				C784842E2B5E48E400FBF8B4 /* Debug */,
				C784842F2B5E48E400FBF8B4 /* Release */,
			);
			defaultConfigurationIsVisible = 0;
			defaultConfigurationName = Release;
		};
/* End XCConfigurationList section */
	};
	rootObject = C78484112B5E48E300FBF8B4 /* Project object */;
}
